{
    "_meta": {
        "hash": {
            "sha256": "035a75900f007eaa311d29ac65e0dc1fc615ed9c2ec7dd6eac40312b15543b92"
        },
        "pipfile-spec": 6,
        "requires": {
            "coincurve": "11.0.0",
            "pycryptodome": "3.7.2",
            "requests": "*",
            "rlp": "0.6.0",
            "web3": "3.16.5"
        },
        "sources": [
            {
                "name": "pypi",
                "url": "https://pypi.org/simple",
                "verify_ssl": true
            }
        ]
    },
    "default": {
        "marmopy": {
            "path": "."
        }
    },
    "develop": {
        "marmopy": {
            "path": "."
        },
        "nose": {
            "hashes": [
                "sha256:9ff7c6cc443f8c51994b34a667bbcf45afd6d945be7477b52e97516fd17c53ac",
                "sha256:dadcddc0aefbf99eea214e0f1232b94f2fa9bd98fa8353711dacb112bfcbbb2a",
                "sha256:f1bffef9cbc82628f6e7d7b40d7e255aefaa1adb6a1b1d26c69a8b79e6208a98"
            ],
            "index": "pypi",
            "version": "==1.3.7"
        }
    }
}
